# THIS IS AN AUTOGENERATED FILE. DO NOT EDIT THIS FILE DIRECTLY.
# yarn lockfile v1


"@remix-run/router@1.18.0":
  "integrity" "sha512-L3jkqmqoSVBVKHfpGZmLrex0lxR5SucGA0sUfFzGctehw+S/ggL9L/0NnC5mw6P8HUWpFZ3nQw3cRApjjWx9Sw=="
  "resolved" "https://registry.npmjs.org/@remix-run/router/-/router-1.18.0.tgz"
  "version" "1.18.0"

"@types/prop-types@*":
  "integrity" "sha512-5zvhXYtRNRluoE/jAp4GVsSduVUzNWKkOZrCDBWYtE7biZywwdC2AcEzg+cSMLFRfVgeAFqpfNabiPjxFddV1Q=="
  "resolved" "https://registry.npmjs.org/@types/prop-types/-/prop-types-15.7.12.tgz"
  "version" "15.7.12"

"@types/react-dom@^18.2.17":
  "integrity" "sha512-EhwApuTmMBmXuFOikhQLIBUn6uFg81SwLMOAUgodJF14SOBOCMdU04gDoYi0WOJJHD144TL32z4yDqCW3dnkQg=="
  "resolved" "https://registry.npmjs.org/@types/react-dom/-/react-dom-18.3.0.tgz"
  "version" "18.3.0"
  dependencies:
    "@types/react" "*"

"@types/react@*", "@types/react@^18.2.43":
  "integrity" "sha512-hti/R0pS0q1/xx+TsI73XIqk26eBsISZ2R0wUijXIngRK9R/e7Xw/cXVxQK7R5JjW+SV4zGcn5hXjudkN/pLIw=="
  "resolved" "https://registry.npmjs.org/@types/react/-/react-18.3.3.tgz"
  "version" "18.3.3"
  dependencies:
    "@types/prop-types" "*"
    "csstype" "^3.0.2"

"classnames@^2.5.1":
  "integrity" "sha512-saHYOzhIQs6wy2sVxTM6bUDsQO4F50V9RQ22qBpEdCW+I+/Wmke2HOl6lS6dTpdxVhb88/I6+Hs+438c3lfUow=="
  "resolved" "https://registry.npmjs.org/classnames/-/classnames-2.5.1.tgz"
  "version" "2.5.1"

"csstype@^3.0.2":
  "integrity" "sha512-M1uQkMl8rQK/szD0LNhtqxIPLpimGm8sOBwU7lLnCpSbTyY3yeU1Vc7l4KT5zT4s/yOxHH5O7tIuuLOCnLADRw=="
  "resolved" "https://registry.npmjs.org/csstype/-/csstype-3.1.3.tgz"
  "version" "3.1.3"

"js-tokens@^3.0.0 || ^4.0.0":
  "integrity" "sha512-RdJUflcE3cUzKiMqQgsCu06FPu9UdIJO0beYbPhHN4k6apgJtifcoCtT9bcxOpYBtpD2kCM6Sbzg4CausW/PKQ=="
  "resolved" "https://registry.npmjs.org/js-tokens/-/js-tokens-4.0.0.tgz"
  "version" "4.0.0"

"loose-envify@^1.1.0":
  "integrity" "sha512-lyuxPGr/Wfhrlem2CL/UcnUc1zcqKAImBDzukY7Y5F/yQiNdko6+fRLevlw1HgMySw7f611UIY408EtxRSoK3Q=="
  "resolved" "https://registry.npmjs.org/loose-envify/-/loose-envify-1.4.0.tgz"
  "version" "1.4.0"
  dependencies:
    "js-tokens" "^3.0.0 || ^4.0.0"

"mitt@^3.0.1":
  "integrity" "sha512-vKivATfr97l2/QBCYAkXYDbrIWPM2IIKEl7YPhjCvKlG3kE2gm+uBo6nEXK3M5/Ffh/FLpKExzOQ3JJoJGFKBw=="
  "resolved" "https://registry.npmjs.org/mitt/-/mitt-3.0.1.tgz"
  "version" "3.0.1"

"react-dom@^18.2.0", "react-dom@>=16.8":
  "integrity" "sha512-5m4nQKp+rZRb09LNH59GM4BxTh9251/ylbKIbpe7TpGxfJ+9kv6BLkLBXIjjspbgbnIBNqlI23tRnTWT0snUIw=="
  "resolved" "https://registry.npmjs.org/react-dom/-/react-dom-18.3.1.tgz"
  "version" "18.3.1"
  dependencies:
    "loose-envify" "^1.1.0"
    "scheduler" "^0.23.2"

"react-router-dom@^6.24.0":
  "integrity" "sha512-BhcczgDWWgvGZxjDDGuGHrA8HrsSudilqTaRSBYLWDayvo1ClchNIDVt5rldqp6e7Dro5dEFx9Mzc+r292lN0w=="
  "resolved" "https://registry.npmjs.org/react-router-dom/-/react-router-dom-6.25.0.tgz"
  "version" "6.25.0"
  dependencies:
    "@remix-run/router" "1.18.0"
    "react-router" "6.25.0"

"react-router@6.25.0":
  "integrity" "sha512-bziKjCcDbcxgWS9WlWFcQIVZ2vJHnCP6DGpQDT0l+0PFDasfJKgzf9CM22eTyhFsZkjk8ApCdKjJwKtzqH80jQ=="
  "resolved" "https://registry.npmjs.org/react-router/-/react-router-6.25.0.tgz"
  "version" "6.25.0"
  dependencies:
    "@remix-run/router" "1.18.0"

"react@^16.8.0 || ^17.0.0 || ^18.0.0", "react@^18.2.0", "react@^18.3.1", "react@>=16.8", "react@>=16.8.0":
  "integrity" "sha512-wS+hAgJShR0KhEvPJArfuPVN1+Hz1t0Y6n5jLrGQbkb4urgPE/0Rve+1kMB1v/oWgHgm4WIcV+i7F2pTVj+2iQ=="
  "resolved" "https://registry.npmjs.org/react/-/react-18.3.1.tgz"
  "version" "18.3.1"
  dependencies:
    "loose-envify" "^1.1.0"

"regexparam@^3.0.0":
  "integrity" "sha512-RSYAtP31mvYLkAHrOlh25pCNQ5hWnT106VukGaaFfuJrZFkGRX5GhUAdPqpSDXxOhA2c4akmRuplv1mRqnBn6Q=="
  "resolved" "https://registry.npmjs.org/regexparam/-/regexparam-3.0.0.tgz"
  "version" "3.0.0"

"scheduler@^0.23.2":
  "integrity" "sha512-UOShsPwz7NrMUqhR6t0hWjFduvOzbtv7toDH1/hIrfRNIDBnnBWd0CwJTGvTpngVlmwGCdP9/Zl/tVrDqcuYzQ=="
  "resolved" "https://registry.npmjs.org/scheduler/-/scheduler-0.23.2.tgz"
  "version" "0.23.2"
  dependencies:
    "loose-envify" "^1.1.0"

"typescript@^5.2.2":
  "integrity" "sha512-/hreyEujaB0w76zKo6717l3L0o/qEUtRgdvUBvlkhoWeOVMjMuHNHk0BRBzikzuGDqNmPQbg5ifMEqsHLiIUcQ=="
  "resolved" "https://registry.npmjs.org/typescript/-/typescript-5.5.3.tgz"
  "version" "5.5.3"

"use-sync-external-store@^1.0.0":
  "integrity" "sha512-PElTlVMwpblvbNqQ82d2n6RjStvdSoNe9FG28kNfz3WiXilJm4DdNkEzRhCZuIDwY8U08WVihhGR5iRqAwfDiw=="
  "resolved" "https://registry.npmjs.org/use-sync-external-store/-/use-sync-external-store-1.2.2.tgz"
  "version" "1.2.2"

"wouter@^3.2.0":
  "integrity" "sha512-Fea/W5OHl8WOLgxpqx5jCheWjXXHYHaq33UNfgs7ewS9hXA+cBhvFTf3atxS/M5RBa1dQTXHZLE2J++9QKSkPA=="
  "resolved" "https://registry.npmjs.org/wouter/-/wouter-3.3.1.tgz"
  "version" "3.3.1"
  dependencies:
    "mitt" "^3.0.1"
    "regexparam" "^3.0.0"
    "use-sync-external-store" "^1.0.0"
